// !$*UTF8*$!
{
	archiveVersion = 1;
	classes = {
	};
	objectVersion = 50;
	objects = {

/* Begin PBXBuildFile section */
		60B8D40425227946005CF0CB /* AppDelegate.swift in Sources */ = {isa = PBXBuildFile; fileRef = 60B8D40325227946005CF0CB /* AppDelegate.swift */; };
		60B8D40725227946005CF0CB /* Main.storyboard in Resources */ = {isa = PBXBuildFile; fileRef = 60B8D40525227946005CF0CB /* Main.storyboard */; };
		60B8D40925227946005CF0CB /* ViewController.swift in Sources */ = {isa = PBXBuildFile; fileRef = 60B8D40825227946005CF0CB /* ViewController.swift */; };
		60B8D40B25227948005CF0CB /* Assets.xcassets in Resources */ = {isa = PBXBuildFile; fileRef = 60B8D40A25227948005CF0CB /* Assets.xcassets */; };
		60B8D41225227948005CF0CB /* wptagent Extension.appex in Embed App Extensions */ = {isa = PBXBuildFile; fileRef = 60B8D41125227948005CF0CB /* wptagent Extension.appex */; settings = {ATTRIBUTES = (RemoveHeadersOnCopy, ); }; };
		60B8D41725227948005CF0CB /* Cocoa.framework in Frameworks */ = {isa = PBXBuildFile; fileRef = 60B8D41625227948005CF0CB /* Cocoa.framework */; };
		60B8D41A25227948005CF0CB /* SafariWebExtensionHandler.swift in Sources */ = {isa = PBXBuildFile; fileRef = 60B8D41925227948005CF0CB /* SafariWebExtensionHandler.swift */; };
		60B8D42B25227949005CF0CB /* icon.png in Resources */ = {isa = PBXBuildFile; fileRef = 60B8D42725227949005CF0CB /* icon.png */; };
		60B8D42C25227949005CF0CB /* background.js in Resources */ = {isa = PBXBuildFile; fileRef = 60B8D42825227949005CF0CB /* background.js */; };
		60B8D42D25227949005CF0CB /* manifest.json in Resources */ = {isa = PBXBuildFile; fileRef = 60B8D42925227949005CF0CB /* manifest.json */; };
		60B8D42E25227949005CF0CB /* content-script.js in Resources */ = {isa = PBXBuildFile; fileRef = 60B8D42A25227949005CF0CB /* content-script.js */; };
/* End PBXBuildFile section */

/* Begin PBXContainerItemProxy section */
		60B8D41325227948005CF0CB /* PBXContainerItemProxy */ = {
			isa = PBXContainerItemProxy;
			containerPortal = 60B8D3F725227946005CF0CB /* Project object */;
			proxyType = 1;
			remoteGlobalIDString = 60B8D41025227948005CF0CB;
			remoteInfo = "wptagent Extension";
		};
/* End PBXContainerItemProxy section */

/* Begin PBXCopyFilesBuildPhase section */
		60B8D42225227948005CF0CB /* Embed App Extensions */ = {
			isa = PBXCopyFilesBuildPhase;
			buildActionMask = 2147483647;
			dstPath = "";
			dstSubfolderSpec = 13;
			files = (
				60B8D41225227948005CF0CB /* wptagent Extension.appex in Embed App Extensions */,
			);
			name = "Embed App Extensions";
			runOnlyForDeploymentPostprocessing = 0;
		};
/* End PBXCopyFilesBuildPhase section */

/* Begin PBXFileReference section */
		60B8D3FF25227946005CF0CB /* wptagent.app */ = {isa = PBXFileReference; explicitFileType = wrapper.application; includeInIndex = 0; path = wptagent.app; sourceTree = BUILT_PRODUCTS_DIR; };
		60B8D40225227946005CF0CB /* wptagent.entitlements */ = {isa = PBXFileReference; lastKnownFileType = text.plist.entitlements; path = wptagent.entitlements; sourceTree = "<group>"; };
		60B8D40325227946005CF0CB /* AppDelegate.swift */ = {isa = PBXFileReference; lastKnownFileType = sourcecode.swift; path = AppDelegate.swift; sourceTree = "<group>"; };
		60B8D40625227946005CF0CB /* Base */ = {isa = PBXFileReference; lastKnownFileType = file.storyboard; name = Base; path = Base.lproj/Main.storyboard; sourceTree = "<group>"; };
		60B8D40825227946005CF0CB /* ViewController.swift */ = {isa = PBXFileReference; lastKnownFileType = sourcecode.swift; path = ViewController.swift; sourceTree = "<group>"; };
		60B8D40A25227948005CF0CB /* Assets.xcassets */ = {isa = PBXFileReference; lastKnownFileType = folder.assetcatalog; path = Assets.xcassets; sourceTree = "<group>"; };
		60B8D40C25227948005CF0CB /* Info.plist */ = {isa = PBXFileReference; lastKnownFileType = text.plist.xml; path = Info.plist; sourceTree = "<group>"; };
		60B8D41125227948005CF0CB /* wptagent Extension.appex */ = {isa = PBXFileReference; explicitFileType = "wrapper.app-extension"; includeInIndex = 0; path = "wptagent Extension.appex"; sourceTree = BUILT_PRODUCTS_DIR; };
		60B8D41625227948005CF0CB /* Cocoa.framework */ = {isa = PBXFileReference; lastKnownFileType = wrapper.framework; name = Cocoa.framework; path = System/Library/Frameworks/Cocoa.framework; sourceTree = SDKROOT; };
		60B8D41925227948005CF0CB /* SafariWebExtensionHandler.swift */ = {isa = PBXFileReference; lastKnownFileType = sourcecode.swift; path = SafariWebExtensionHandler.swift; sourceTree = "<group>"; };
		60B8D41B25227948005CF0CB /* Info.plist */ = {isa = PBXFileReference; lastKnownFileType = text.plist.xml; path = Info.plist; sourceTree = "<group>"; };
		60B8D41C25227948005CF0CB /* wptagent_Extension.entitlements */ = {isa = PBXFileReference; lastKnownFileType = text.plist.entitlements; path = wptagent_Extension.entitlements; sourceTree = "<group>"; };
		60B8D42725227949005CF0CB /* icon.png */ = {isa = PBXFileReference; lastKnownFileType = image.png; name = icon.png; path = ../../../../Firefox/extension/icon.png; sourceTree = "<group>"; };
		60B8D42825227949005CF0CB /* background.js */ = {isa = PBXFileReference; lastKnownFileType = sourcecode.javascript; name = background.js; path = ../../../../Firefox/extension/background.js; sourceTree = "<group>"; };
		60B8D42925227949005CF0CB /* manifest.json */ = {isa = PBXFileReference; lastKnownFileType = text.json; name = manifest.json; path = ../../../../Firefox/extension/manifest.json; sourceTree = "<group>"; };
		60B8D42A25227949005CF0CB /* content-script.js */ = {isa = PBXFileReference; lastKnownFileType = sourcecode.javascript; name = "content-script.js"; path = "../../../../Firefox/extension/content-script.js"; sourceTree = "<group>"; };
/* End PBXFileReference section */

/* Begin PBXFrameworksBuildPhase section */
		60B8D3FC25227946005CF0CB /* Frameworks */ = {
			isa = PBXFrameworksBuildPhase;
			buildActionMask = 2147483647;
			files = (
			);
			runOnlyForDeploymentPostprocessing = 0;
		};
		60B8D40E25227948005CF0CB /* Frameworks */ = {
			isa = PBXFrameworksBuildPhase;
			buildActionMask = 2147483647;
			files = (
				60B8D41725227948005CF0CB /* Cocoa.framework in Frameworks */,
			);
			runOnlyForDeploymentPostprocessing = 0;
		};
/* End PBXFrameworksBuildPhase section */

/* Begin PBXGroup section */
		60B8D3F625227946005CF0CB = {
			isa = PBXGroup;
			children = (
				60B8D40125227946005CF0CB /* wptagent */,
				60B8D41825227948005CF0CB /* wptagent Extension */,
				60B8D41525227948005CF0CB /* Frameworks */,
				60B8D40025227946005CF0CB /* Products */,
			);
			sourceTree = "<group>";
		};
		60B8D40025227946005CF0CB /* Products */ = {
			isa = PBXGroup;
			children = (
				60B8D3FF25227946005CF0CB /* wptagent.app */,
				60B8D41125227948005CF0CB /* wptagent Extension.appex */,
			);
			name = Products;
			sourceTree = "<group>";
		};
		60B8D40125227946005CF0CB /* wptagent */ = {
			isa = PBXGroup;
			children = (
				60B8D40225227946005CF0CB /* wptagent.entitlements */,
				60B8D40325227946005CF0CB /* AppDelegate.swift */,
				60B8D40525227946005CF0CB /* Main.storyboard */,
				60B8D40825227946005CF0CB /* ViewController.swift */,
				60B8D40A25227948005CF0CB /* Assets.xcassets */,
				60B8D40C25227948005CF0CB /* Info.plist */,
			);
			path = wptagent;
			sourceTree = "<group>";
		};
		60B8D41525227948005CF0CB /* Frameworks */ = {
			isa = PBXGroup;
			children = (
				60B8D41625227948005CF0CB /* Cocoa.framework */,
			);
			name = Frameworks;
			sourceTree = "<group>";
		};
		60B8D41825227948005CF0CB /* wptagent Extension */ = {
			isa = PBXGroup;
			children = (
				60B8D42625227949005CF0CB /* Resources */,
				60B8D41925227948005CF0CB /* SafariWebExtensionHandler.swift */,
				60B8D41B25227948005CF0CB /* Info.plist */,
				60B8D41C25227948005CF0CB /* wptagent_Extension.entitlements */,
			);
			path = "wptagent Extension";
			sourceTree = "<group>";
		};
		60B8D42625227949005CF0CB /* Resources */ = {
			isa = PBXGroup;
			children = (
				60B8D42725227949005CF0CB /* icon.png */,
				60B8D42825227949005CF0CB /* background.js */,
				60B8D42925227949005CF0CB /* manifest.json */,
				60B8D42A25227949005CF0CB /* content-script.js */,
			);
			name = Resources;
			path = "wptagent Extension";
			sourceTree = SOURCE_ROOT;
		};
/* End PBXGroup section */

/* Begin PBXNativeTarget section */
		60B8D3FE25227946005CF0CB /* wptagent */ = {
			isa = PBXNativeTarget;
			buildConfigurationList = 60B8D42325227948005CF0CB /* Build configuration list for PBXNativeTarget "wptagent" */;
			buildPhases = (
				60B8D3FB25227946005CF0CB /* Sources */,
				60B8D3FC25227946005CF0CB /* Frameworks */,
				60B8D3FD25227946005CF0CB /* Resources */,
				60B8D42225227948005CF0CB /* Embed App Extensions */,
			);
			buildRules = (
			);
			dependencies = (
				60B8D41425227948005CF0CB /* PBXTargetDependency */,
			);
			name = wptagent;
			productName = wptagent;
			productReference = 60B8D3FF25227946005CF0CB /* wptagent.app */;
			productType = "com.apple.product-type.application";
		};
		60B8D41025227948005CF0CB /* wptagent Extension */ = {
			isa = PBXNativeTarget;
			buildConfigurationList = 60B8D41F25227948005CF0CB /* Build configuration list for PBXNativeTarget "wptagent Extension" */;
			buildPhases = (
				60B8D40D25227948005CF0CB /* Sources */,
				60B8D40E25227948005CF0CB /* Frameworks */,
				60B8D40F25227948005CF0CB /* Resources */,
			);
			buildRules = (
			);
			dependencies = (
			);
			name = "wptagent Extension";
			productName = "wptagent Extension";
			productReference = 60B8D41125227948005CF0CB /* wptagent Extension.appex */;
			productType = "com.apple.product-type.app-extension";
		};
/* End PBXNativeTarget section */

/* Begin PBXProject section */
		60B8D3F725227946005CF0CB /* Project object */ = {
			isa = PBXProject;
			attributes = {
				LastSwiftUpdateCheck = 1200;
				LastUpgradeCheck = 1200;
				TargetAttributes = {
					60B8D3FE25227946005CF0CB = {
						CreatedOnToolsVersion = 12.0.1;
					};
					60B8D41025227948005CF0CB = {
						CreatedOnToolsVersion = 12.0.1;
					};
				};
			};
			buildConfigurationList = 60B8D3FA25227946005CF0CB /* Build configuration list for PBXProject "wptagent" */;
			compatibilityVersion = "Xcode 9.3";
			developmentRegion = en;
			hasScannedForEncodings = 0;
			knownRegions = (
				en,
				Base,
			);
			mainGroup = 60B8D3F625227946005CF0CB;
			productRefGroup = 60B8D40025227946005CF0CB /* Products */;
			projectDirPath = "";
			projectRoot = "";
			targets = (
				60B8D3FE25227946005CF0CB /* wptagent */,
				60B8D41025227948005CF0CB /* wptagent Extension */,
			);
		};
/* End PBXProject section */

/* Begin PBXResourcesBuildPhase section */
		60B8D3FD25227946005CF0CB /* Resources */ = {
			isa = PBXResourcesBuildPhase;
			buildActionMask = 2147483647;
			files = (
				60B8D40B25227948005CF0CB /* Assets.xcassets in Resources */,
				60B8D40725227946005CF0CB /* Main.storyboard in Resources */,
			);
			runOnlyForDeploymentPostprocessing = 0;
		};
		60B8D40F25227948005CF0CB /* Resources */ = {
			isa = PBXResourcesBuildPhase;
			buildActionMask = 2147483647;
			files = (
				60B8D42C25227949005CF0CB /* background.js in Resources */,
				60B8D42E25227949005CF0CB /* content-script.js in Resources */,
				60B8D42D25227949005CF0CB /* manifest.json in Resources */,
				60B8D42B25227949005CF0CB /* icon.png in Resources */,
			);
			runOnlyForDeploymentPostprocessing = 0;
		};
/* End PBXResourcesBuildPhase section */

/* Begin PBXSourcesBuildPhase section */
		60B8D3FB25227946005CF0CB /* Sources */ = {
			isa = PBXSourcesBuildPhase;
			buildActionMask = 2147483647;
			files = (
				60B8D40925227946005CF0CB /* ViewController.swift in Sources */,
				60B8D40425227946005CF0CB /* AppDelegate.swift in Sources */,
			);
			runOnlyForDeploymentPostprocessing = 0;
		};
		60B8D40D25227948005CF0CB /* Sources */ = {
			isa = PBXSourcesBuildPhase;
			buildActionMask = 2147483647;
			files = (
				60B8D41A25227948005CF0CB /* SafariWebExtensionHandler.swift in Sources */,
			);
			runOnlyForDeploymentPostprocessing = 0;
		};
/* End PBXSourcesBuildPhase section */

/* Begin PBXTargetDependency section */
		60B8D41425227948005CF0CB /* PBXTargetDependency */ = {
			isa = PBXTargetDependency;
			target = 60B8D41025227948005CF0CB /* wptagent Extension */;
			targetProxy = 60B8D41325227948005CF0CB /* PBXContainerItemProxy */;
		};
/* End PBXTargetDependency section */

/* Begin PBXVariantGroup section */
		60B8D40525227946005CF0CB /* Main.storyboard */ = {
			isa = PBXVariantGroup;
			children = (
				60B8D40625227946005CF0CB /* Base */,
			);
			name = Main.storyboard;
			sourceTree = "<group>";
		};
/* End PBXVariantGroup section */

/* Begin XCBuildConfiguration section */
		60B8D41D25227948005CF0CB /* Debug */ = {
			isa = XCBuildConfiguration;
			buildSettings = {
				ALWAYS_SEARCH_USER_PATHS = NO;
				CLANG_ANALYZER_NONNULL = YES;
				CLANG_ANALYZER_NUMBER_OBJECT_CONVERSION = YES_AGGRESSIVE;
				CLANG_CXX_LANGUAGE_STANDARD = "gnu++14";
				CLANG_CXX_LIBRARY = "libc++";
				CLANG_ENABLE_MODULES = YES;
				CLANG_ENABLE_OBJC_ARC = YES;
				CLANG_ENABLE_OBJC_WEAK = YES;
				CLANG_WARN_BLOCK_CAPTURE_AUTORELEASING = YES;
				CLANG_WARN_BOOL_CONVERSION = YES;
				CLANG_WARN_COMMA = YES;
				CLANG_WARN_CONSTANT_CONVERSION = YES;
				CLANG_WARN_DEPRECATED_OBJC_IMPLEMENTATIONS = YES;
				CLANG_WARN_DIRECT_OBJC_ISA_USAGE = YES_ERROR;
				CLANG_WARN_DOCUMENTATION_COMMENTS = YES;
				CLANG_WARN_EMPTY_BODY = YES;
				CLANG_WARN_ENUM_CONVERSION = YES;
				CLANG_WARN_INFINITE_RECURSION = YES;
				CLANG_WARN_INT_CONVERSION = YES;
				CLANG_WARN_NON_LITERAL_NULL_CONVERSION = YES;
				CLANG_WARN_OBJC_IMPLICIT_RETAIN_SELF = YES;
				CLANG_WARN_OBJC_LITERAL_CONVERSION = YES;
				CLANG_WARN_OBJC_ROOT_CLASS = YES_ERROR;
				CLANG_WARN_QUOTED_INCLUDE_IN_FRAMEWORK_HEADER = YES;
				CLANG_WARN_RANGE_LOOP_ANALYSIS = YES;
				CLANG_WARN_STRICT_PROTOTYPES = YES;
				CLANG_WARN_SUSPICIOUS_MOVE = YES;
				CLANG_WARN_UNGUARDED_AVAILABILITY = YES_AGGRESSIVE;
				CLANG_WARN_UNREACHABLE_CODE = YES;
				CLANG_WARN__DUPLICATE_METHOD_MATCH = YES;
				COPY_PHASE_STRIP = NO;
				DEBUG_INFORMATION_FORMAT = dwarf;
				ENABLE_STRICT_OBJC_MSGSEND = YES;
				ENABLE_TESTABILITY = YES;
				GCC_C_LANGUAGE_STANDARD = gnu11;
				GCC_DYNAMIC_NO_PIC = NO;
				GCC_NO_COMMON_BLOCKS = YES;
				GCC_OPTIMIZATION_LEVEL = 0;
				GCC_PREPROCESSOR_DEFINITIONS = (
					"DEBUG=1",
					"$(inherited)",
				);
				GCC_WARN_64_TO_32_BIT_CONVERSION = YES;
				GCC_WARN_ABOUT_RETURN_TYPE = YES_ERROR;
				GCC_WARN_UNDECLARED_SELECTOR = YES;
				GCC_WARN_UNINITIALIZED_AUTOS = YES_AGGRESSIVE;
				GCC_WARN_UNUSED_FUNCTION = YES;
				GCC_WARN_UNUSED_VARIABLE = YES;
				MACOSX_DEPLOYMENT_TARGET = 10.15;
				MTL_ENABLE_DEBUG_INFO = INCLUDE_SOURCE;
				MTL_FAST_MATH = YES;
				ONLY_ACTIVE_ARCH = YES;
				SDKROOT = macosx;
				SWIFT_ACTIVE_COMPILATION_CONDITIONS = DEBUG;
				SWIFT_OPTIMIZATION_LEVEL = "-Onone";
			};
			name = Debug;
		};
		60B8D41E25227948005CF0CB /* Release */ = {
			isa = XCBuildConfiguration;
			buildSettings = {
				ALWAYS_SEARCH_USER_PATHS = NO;
				CLANG_ANALYZER_NONNULL = YES;
				CLANG_ANALYZER_NUMBER_OBJECT_CONVERSION = YES_AGGRESSIVE;
				CLANG_CXX_LANGUAGE_STANDARD = "gnu++14";
				CLANG_CXX_LIBRARY = "libc++";
				CLANG_ENABLE_MODULES = YES;
				CLANG_ENABLE_OBJC_ARC = YES;
				CLANG_ENABLE_OBJC_WEAK = YES;
				CLANG_WARN_BLOCK_CAPTURE_AUTORELEASING = YES;
				CLANG_WARN_BOOL_CONVERSION = YES;
				CLANG_WARN_COMMA = YES;
				CLANG_WARN_CONSTANT_CONVERSION = YES;
				CLANG_WARN_DEPRECATED_OBJC_IMPLEMENTATIONS = YES;
				CLANG_WARN_DIRECT_OBJC_ISA_USAGE = YES_ERROR;
				CLANG_WARN_DOCUMENTATION_COMMENTS = YES;
				CLANG_WARN_EMPTY_BODY = YES;
				CLANG_WARN_ENUM_CONVERSION = YES;
				CLANG_WARN_INFINITE_RECURSION = YES;
				CLANG_WARN_INT_CONVERSION = YES;
				CLANG_WARN_NON_LITERAL_NULL_CONVERSION = YES;
				CLANG_WARN_OBJC_IMPLICIT_RETAIN_SELF = YES;
				CLANG_WARN_OBJC_LITERAL_CONVERSION = YES;
				CLANG_WARN_OBJC_ROOT_CLASS = YES_ERROR;
				CLANG_WARN_QUOTED_INCLUDE_IN_FRAMEWORK_HEADER = YES;
				CLANG_WARN_RANGE_LOOP_ANALYSIS = YES;
				CLANG_WARN_STRICT_PROTOTYPES = YES;
				CLANG_WARN_SUSPICIOUS_MOVE = YES;
				CLANG_WARN_UNGUARDED_AVAILABILITY = YES_AGGRESSIVE;
				CLANG_WARN_UNREACHABLE_CODE = YES;
				CLANG_WARN__DUPLICATE_METHOD_MATCH = YES;
				COPY_PHASE_STRIP = NO;
				DEBUG_INFORMATION_FORMAT = "dwarf-with-dsym";
				ENABLE_NS_ASSERTIONS = NO;
				ENABLE_STRICT_OBJC_MSGSEND = YES;
				GCC_C_LANGUAGE_STANDARD = gnu11;
				GCC_NO_COMMON_BLOCKS = YES;
				GCC_WARN_64_TO_32_BIT_CONVERSION = YES;
				GCC_WARN_ABOUT_RETURN_TYPE = YES_ERROR;
				GCC_WARN_UNDECLARED_SELECTOR = YES;
				GCC_WARN_UNINITIALIZED_AUTOS = YES_AGGRESSIVE;
				GCC_WARN_UNUSED_FUNCTION = YES;
				GCC_WARN_UNUSED_VARIABLE = YES;
				MACOSX_DEPLOYMENT_TARGET = 10.15;
				MTL_ENABLE_DEBUG_INFO = NO;
				MTL_FAST_MATH = YES;
				SDKROOT = macosx;
				SWIFT_COMPILATION_MODE = wholemodule;
				SWIFT_OPTIMIZATION_LEVEL = "-O";
			};
			name = Release;
		};
		60B8D42025227948005CF0CB /* Debug */ = {
			isa = XCBuildConfiguration;
			buildSettings = {
				CODE_SIGN_ENTITLEMENTS = "wptagent Extension/wptagent_Extension.entitlements";
				CODE_SIGN_STYLE = Automatic;
				INFOPLIST_FILE = "wptagent Extension/Info.plist";
				LD_RUNPATH_SEARCH_PATHS = (
					"$(inherited)",
					"@executable_path/../Frameworks",
					"@executable_path/../../../../Frameworks",
				);
				MACOSX_DEPLOYMENT_TARGET = 10.14;
				PRODUCT_BUNDLE_IDENTIFIER = "com.webpagetest.wptagent-Extension";
				PRODUCT_NAME = "$(TARGET_NAME)";
				SKIP_INSTALL = YES;
				SWIFT_VERSION = 5.0;
			};
			name = Debug;
		};
		60B8D42125227948005CF0CB /* Release */ = {
			isa = XCBuildConfiguration;
			buildSettings = {
				CODE_SIGN_ENTITLEMENTS = "wptagent Extension/wptagent_Extension.entitlements";
				CODE_SIGN_STYLE = Automatic;
				INFOPLIST_FILE = "wptagent Extension/Info.plist";
				LD_RUNPATH_SEARCH_PATHS = (
					"$(inherited)",
					"@executable_path/../Frameworks",
					"@executable_path/../../../../Frameworks",
				);
				MACOSX_DEPLOYMENT_TARGET = 10.14;
				PRODUCT_BUNDLE_IDENTIFIER = "com.webpagetest.wptagent-Extension";
				PRODUCT_NAME = "$(TARGET_NAME)";
				SKIP_INSTALL = YES;
				SWIFT_VERSION = 5.0;
			};
			name = Release;
		};
		60B8D42425227948005CF0CB /* Debug */ = {
			isa = XCBuildConfiguration;
			buildSettings = {
				ALWAYS_EMBED_SWIFT_STANDARD_LIBRARIES = YES;
				ASSETCATALOG_COMPILER_APPICON_NAME = AppIcon;
				ASSETCATALOG_COMPILER_GLOBAL_ACCENT_COLOR_NAME = AccentColor;
				CODE_SIGN_ENTITLEMENTS = wptagent/wptagent.entitlements;
				CODE_SIGN_STYLE = Automatic;
				COMBINE_HIDPI_IMAGES = YES;
				INFOPLIST_FILE = wptagent/Info.plist;
				LD_RUNPATH_SEARCH_PATHS = (
					"$(inherited)",
					"@executable_path/../Frameworks",
				);
				MACOSX_DEPLOYMENT_TARGET = 10.14;
				PRODUCT_BUNDLE_IDENTIFIER = com.webpagetest.wptagent;
				PRODUCT_NAME = "$(TARGET_NAME)";
				SWIFT_VERSION = 5.0;
			};
			name = Debug;
		};
		60B8D42525227948005CF0CB /* Release */ = {
			isa = XCBuildConfiguration;
			buildSettings = {
				ALWAYS_EMBED_SWIFT_STANDARD_LIBRARIES = YES;
				ASSETCATALOG_COMPILER_APPICON_NAME = AppIcon;
				ASSETCATALOG_COMPILER_GLOBAL_ACCENT_COLOR_NAME = AccentColor;
				CODE_SIGN_ENTITLEMENTS = wptagent/wptagent.entitlements;
				CODE_SIGN_STYLE = Automatic;
				COMBINE_HIDPI_IMAGES = YES;
				INFOPLIST_FILE = wptagent/Info.plist;
				LD_RUNPATH_SEARCH_PATHS = (
					"$(inherited)",
					"@executable_path/../Frameworks",
				);
				MACOSX_DEPLOYMENT_TARGET = 10.14;
				PRODUCT_BUNDLE_IDENTIFIER = com.webpagetest.wptagent;
				PRODUCT_NAME = "$(TARGET_NAME)";
				SWIFT_VERSION = 5.0;
			};
			name = Release;
		};
/* End XCBuildConfiguration section */

/* Begin XCConfigurationList section */
		60B8D3FA25227946005CF0CB /* Build configuration list for PBXProject "wptagent" */ = {
			isa = XCConfigurationList;
			buildConfigurations = (
				60B8D41D25227948005CF0CB /* Debug */,
				60B8D41E25227948005CF0CB /* Release */,
			);
			defaultConfigurationIsVisible = 0;
			defaultConfigurationName = Release;
		};
		60B8D41F25227948005CF0CB /* Build configuration list for PBXNativeTarget "wptagent Extension" */ = {
			isa = XCConfigurationList;
			buildConfigurations = (
				60B8D42025227948005CF0CB /* Debug */,
				60B8D42125227948005CF0CB /* Release */,
			);
			defaultConfigurationIsVisible = 0;
			defaultConfigurationName = Release;
		};
		60B8D42325227948005CF0CB /* Build configuration list for PBXNativeTarget "wptagent" */ = {
			isa = XCConfigurationList;
			buildConfigurations = (
				60B8D42425227948005CF0CB /* Debug */,
				60B8D42525227948005CF0CB /* Release */,
			);
			defaultConfigurationIsVisible = 0;
			defaultConfigurationName = Release;
		};
/* End XCConfigurationList section */
	};
	rootObject = 60B8D3F725227946005CF0CB /* Project object */;
}
